github.com/j-muller/go-torrent-parser v0.0.0-20211014072822-db02b4099054 h1:74rPb7GmzJVJkSQ1Tpd7Y8iCnNveIjnpgyos4Yu4Gzs=
github.com/j-muller/go-torrent-parser v0.0.0-20211014072822-db02b4099054/go.mod h1:mMeMpHRplLTgo3ttLVB8R43jtdEKcDpLVw2CvcwTv28=
github.com/zeebo/bencode v1.0.0 h1:zgop0Wu1nu4IexAZeCZ5qbsjU4O1vMrfCrVgUjbHVuA=
github.com/zeebo/bencode v1.0.0/go.mod h1:Ct7CkrWIQuLWAy9M3atFHYq4kG9Ao/SsY5cdtCXmp9Y=
